# @generated - this file is auto-generated by `mise lock` https://mise.jdx.dev/dev-tools/mise-lock.html

lockfile_version = 1

[[tools.lefthook]]
version = "2.1.6"
backend = "aqua:evilmartians/lefthook"
specifiers = ["2.1.6"]

[tools.lefthook."platforms.linux-arm64"]
checksum = "sha256:f85cc031da8e3571418170ab53f1e6e184a086b58683e13660bd5248974159a4"
url = "https://github.com/evilmartians/lefthook/releases/download/v2.1.6/lefthook_2.1.6_Linux_aarch64.gz"
url_api = "https://api.github.com/repos/evilmartians/lefthook/releases/assets/397603572"
provenance = "github-attestations"

[tools.lefthook."platforms.linux-arm64-musl"]
checksum = "sha256:f85cc031da8e3571418170ab53f1e6e184a086b58683e13660bd5248974159a4"
url = "https://github.com/evilmartians/lefthook/releases/download/v2.1.6/lefthook_2.1.6_Linux_aarch64.gz"
url_api = "https://api.github.com/repos/evilmartians/lefthook/releases/assets/397603572"
provenance = "github-attestations"

[tools.lefthook."platforms.linux-x64"]
checksum = "sha256:fab3d2715a922d9625c9024e6ffb6e1271edd613aa9b213c2049482cde8ae183"
url = "https://github.com/evilmartians/lefthook/releases/download/v2.1.6/lefthook_2.1.6_Linux_x86_64.gz"
url_api = "https://api.github.com/repos/evilmartians/lefthook/releases/assets/397603518"
provenance = "github-attestations"

[tools.lefthook."platforms.linux-x64-musl"]
checksum = "sha256:fab3d2715a922d9625c9024e6ffb6e1271edd613aa9b213c2049482cde8ae183"
url = "https://github.com/evilmartians/lefthook/releases/download/v2.1.6/lefthook_2.1.6_Linux_x86_64.gz"
url_api = "https://api.github.com/repos/evilmartians/lefthook/releases/assets/397603518"
provenance = "github-attestations"

[tools.lefthook."platforms.macos-arm64"]
checksum = "sha256:f07c97c32376749edb5b34179c16c6d87dd3e7ca0040aee911f38c821de0daab"
url = "https://github.com/evilmartians/lefthook/releases/download/v2.1.6/lefthook_2.1.6_MacOS_arm64.gz"
url_api = "https://api.github.com/repos/evilmartians/lefthook/releases/assets/397603541"
provenance = "github-attestations"

[tools.lefthook."platforms.macos-x64"]
checksum = "sha256:93c6d51823f94a7f26a2bbb84f59504378b178f55d6c90744169693ed3e89013"
url = "https://github.com/evilmartians/lefthook/releases/download/v2.1.6/lefthook_2.1.6_MacOS_x86_64.gz"
url_api = "https://api.github.com/repos/evilmartians/lefthook/releases/assets/397603530"
provenance = "github-attestations"

[tools.lefthook."platforms.windows-x64"]
checksum = "sha256:6704b01a72414affcc921740a7d6c621fe60c3082b291c9730900a2c6a352516"
url = "https://github.com/evilmartians/lefthook/releases/download/v2.1.6/lefthook_2.1.6_Windows_x86_64.gz"
url_api = "https://api.github.com/repos/evilmartians/lefthook/releases/assets/397603542"
provenance = "github-attestations"

[[tools."npm:editorconfig-checker"]]
version = "6.1.1"
backend = "npm:editorconfig-checker"
specifiers = ["6.1.1"]

[[tools."pipx:ansible-core"]]
version = "2.18.19"
backend = "pipx:ansible-core"
specifiers = ["2.18"]

[[tools."pipx:ansible-lint"]]
version = "26.8.0"
backend = "pipx:ansible-lint"
specifiers = ["latest"]

[[tools.python]]
version = "3.12.10"
backend = "core:python"
specifiers = ["3.12.10"]

[tools.python."platforms.linux-arm64"]
checksum = "sha256:235d0666528a8e948896f68c08964dc8dd14a54c68e5cbd4924594d2e20f81b9"
url = "https://github.com/astral-sh/python-build-standalone/releases/download/20250529/cpython-3.12.10+20250529-aarch64-unknown-linux-gnu-install_only_stripped.tar.gz"
provenance = "github-attestations"

[tools.python."platforms.linux-x64"]
checksum = "blake3:e946d9ad3010b528bf774fee9362409b39c19c29377109ea629f0f5da51e0bf1"
url = "https://github.com/astral-sh/python-build-standalone/releases/download/20250529/cpython-3.12.10+20250529-x86_64-unknown-linux-gnu-install_only_stripped.tar.gz"
provenance = "github-attestations"

[tools.python."platforms.linux-x64-musl"]
checksum = "sha256:ebcb774652aeaa10c8b9a5825be257e7b21b604aac1bac2d3f6f1403de116ce8"
url = "https://github.com/astral-sh/python-build-standalone/releases/download/20250529/cpython-3.12.10+20250529-x86_64-unknown-linux-musl-install_only_stripped.tar.gz"
provenance = "github-attestations"

[tools.python."platforms.macos-arm64"]
checksum = "sha256:2579c9ffcbb0a745f1de3d645612c7466269eb9a23316a54ece49d50c1c9122f"
url = "https://github.com/astral-sh/python-build-standalone/releases/download/20250529/cpython-3.12.10+20250529-aarch64-apple-darwin-install_only_stripped.tar.gz"
provenance = "github-attestations"

[tools.python."platforms.macos-x64"]
checksum = "sha256:f171af578ecdbbcf63cbb0abd08f382df3e0d091e98c3161b3f84cd9d0acc0fd"
url = "https://github.com/astral-sh/python-build-standalone/releases/download/20250529/cpython-3.12.10+20250529-x86_64-apple-darwin-install_only_stripped.tar.gz"
provenance = "github-attestations"

[tools.python."platforms.windows-x64"]
checksum = "sha256:ca22a9a9e64ecab6d0b5de7cdf8b679ccaa41e9def6aaa2b4aaa6bb23ec7aaba"
url = "https://github.com/astral-sh/python-build-standalone/releases/download/20250529/cpython-3.12.10+20250529-x86_64-pc-windows-msvc-install_only_stripped.tar.gz"
provenance = "github-attestations"

[[tools.ruff]]
version = "0.15.11"
backend = "aqua:astral-sh/ruff"
specifiers = ["0.15.11"]

[tools.ruff."platforms.linux-arm64"]
checksum = "sha256:6c7004eb732951ecce2059b3d5ef93010f8410ececaf96c24dbac41155780eee"
url = "https://github.com/astral-sh/ruff/releases/download/0.15.11/ruff-aarch64-unknown-linux-gnu.tar.gz"
url_api = "https://api.github.com/repos/astral-sh/ruff/releases/assets/397985290"
provenance = "github-attestations"

[tools.ruff."platforms.linux-arm64-musl"]
checksum = "sha256:4d196496a51d4bbefc4a2a65049364c920b470afd320befa20516e59d1c065e2"
url = "https://github.com/astral-sh/ruff/releases/download/0.15.11/ruff-aarch64-unknown-linux-musl.tar.gz"
url_api = "https://api.github.com/repos/astral-sh/ruff/releases/assets/397985292"
provenance = "github-attestations"

[tools.ruff."platforms.linux-x64"]
checksum = "sha256:8018f4c746c98e3a4128295c5da294d8b04c2bb14e1868e2da6fd02faf93ebe4"
url = "https://github.com/astral-sh/ruff/releases/download/0.15.11/ruff-x86_64-unknown-linux-gnu.tar.gz"
url_api = "https://api.github.com/repos/astral-sh/ruff/releases/assets/397985345"
provenance = "github-attestations"

[tools.ruff."platforms.linux-x64-musl"]
checksum = "sha256:ea286f17b66054a3aac2672158b9ac194030d89043ff108357edd9b20123219a"
url = "https://github.com/astral-sh/ruff/releases/download/0.15.11/ruff-x86_64-unknown-linux-musl.tar.gz"
url_api = "https://api.github.com/repos/astral-sh/ruff/releases/assets/397985347"
provenance = "github-attestations"

[tools.ruff."platforms.macos-arm64"]
checksum = "sha256:89cd4370b5c5d7ab01f436bd5d878293c9858e4e964a3da3013c49549198dc8b"
url = "https://github.com/astral-sh/ruff/releases/download/0.15.11/ruff-aarch64-apple-darwin.tar.gz"
url_api = "https://api.github.com/repos/astral-sh/ruff/releases/assets/397985288"
provenance = "github-attestations"

[tools.ruff."platforms.macos-x64"]
checksum = "sha256:c6f2c36fc5f3d14ffc2db1e205aa69756de485771f39848afe848c16b8a1a648"
url = "https://github.com/astral-sh/ruff/releases/download/0.15.11/ruff-x86_64-apple-darwin.tar.gz"
url_api = "https://api.github.com/repos/astral-sh/ruff/releases/assets/397985336"
provenance = "github-attestations"

[tools.ruff."platforms.windows-x64"]
checksum = "sha256:d1f76eac07c279aafc594d9ba4c6f658f7cb433002aeeadbe2959229fc368881"
url = "https://github.com/astral-sh/ruff/releases/download/0.15.11/ruff-x86_64-pc-windows-msvc.zip"
url_api = "https://api.github.com/repos/astral-sh/ruff/releases/assets/397985342"
provenance = "github-attestations"

[[tools.uv]]
version = "0.11.7"
backend = "aqua:astral-sh/uv"
specifiers = ["0.11.7"]

[tools.uv."platforms.linux-arm64"]
checksum = "sha256:f2ee1cde9aabb4c6e43bd3f341dadaf42189a54e001e521346dc31547310e284"
url = "https://github.com/astral-sh/uv/releases/download/0.11.7/uv-aarch64-unknown-linux-gnu.tar.gz"
url_api = "https://api.github.com/repos/astral-sh/uv/releases/assets/397306019"
provenance = "github-attestations"

[tools.uv."platforms.linux-arm64-musl"]
checksum = "sha256:46647dc16cbb7d6700f762fdd7a67d220abe18570914732bc310adc91308d272"
url = "https://github.com/astral-sh/uv/releases/download/0.11.7/uv-aarch64-unknown-linux-musl.tar.gz"
url_api = "https://api.github.com/repos/astral-sh/uv/releases/assets/397306022"
provenance = "github-attestations"

[tools.uv."platforms.linux-x64"]
checksum = "sha256:6681d691eb7f9c00ac6a3af54252f7ab29ae72f0c8f95bdc7f9d1401c23ea868"
url = "https://github.com/astral-sh/uv/releases/download/0.11.7/uv-x86_64-unknown-linux-gnu.tar.gz"
url_api = "https://api.github.com/repos/astral-sh/uv/releases/assets/397306063"
provenance = "github-attestations"

[tools.uv."platforms.linux-x64-musl"]
checksum = "sha256:64ddb5f1087649e3f75aa50d139aa4f36ddde728a5295a141e0fa9697bfb7b0f"
url = "https://github.com/astral-sh/uv/releases/download/0.11.7/uv-x86_64-unknown-linux-musl.tar.gz"
url_api = "https://api.github.com/repos/astral-sh/uv/releases/assets/397306071"
provenance = "github-attestations"

[tools.uv."platforms.macos-arm64"]
checksum = "sha256:66e37d91f839e12481d7b932a1eccbfe732560f42c1cfb89faddfa2454534ba8"
url = "https://github.com/astral-sh/uv/releases/download/0.11.7/uv-aarch64-apple-darwin.tar.gz"
url_api = "https://api.github.com/repos/astral-sh/uv/releases/assets/397306011"
provenance = "github-attestations"

[tools.uv."platforms.macos-x64"]
checksum = "sha256:0a4bc8fcde4974ea3560be21772aeecab600a6f43fa6e58169f9fa7b3b71d302"
url = "https://github.com/astral-sh/uv/releases/download/0.11.7/uv-x86_64-apple-darwin.tar.gz"
url_api = "https://api.github.com/repos/astral-sh/uv/releases/assets/397306059"
provenance = "github-attestations"

[tools.uv."platforms.windows-x64"]
checksum = "sha256:fe0c7815acf4fc45f8a5eff58ed3cf7ae2e15c3cf1dceadbd10c816ec1690cc1"
url = "https://github.com/astral-sh/uv/releases/download/0.11.7/uv-x86_64-pc-windows-msvc.zip"
url_api = "https://api.github.com/repos/astral-sh/uv/releases/assets/397306062"
provenance = "github-attestations"
